
Microsoft Visual Studio Solution File, Format Version 12.00
# Visual Studio Version 16
VisualStudioVersion = 16.0.29020.237
MinimumVisualStudioVersion = 10.0.40219.1
Project("{FAE04EC0-301F-11D3-BF4B-00C04F79EFBC}") = "PrimeirosExerciciosClassesEmetodos", "PrimeirosExerciciosClassesEmetodos\PrimeirosExerciciosClassesEmetodos.csproj", "{986DCD77-DD4F-40DC-9FC4-4C0E2C869885}"
EndProject
Global
	GlobalSection(SolutionConfigurationPlatforms) = preSolution
		Debug|Any CPU = Debug|Any CPU
		Release|Any CPU = Release|Any CPU
	EndGlobalSection
	GlobalSection(ProjectConfigurationPlatforms) = postSolution
		{986DCD77-DD4F-40DC-9FC4-4C0E2C869885}.Debug|Any CPU.ActiveCfg = Debug|Any CPU
		{986DCD77-DD4F-40DC-9FC4-4C0E2C869885}.Debug|Any CPU.Build.0 = Debug|Any CPU
		{986DCD77-DD4F-40DC-9FC4-4C0E2C869885}.Release|Any CPU.ActiveCfg = Release|Any CPU
		{986DCD77-DD4F-40DC-9FC4-4C0E2C869885}.Release|Any CPU.Build.0 = Release|Any CPU
	EndGlobalSection
	GlobalSection(SolutionProperties) = preSolution
		HideSolutionNode = FALSE
	EndGlobalSection
	GlobalSection(ExtensibilityGlobals) = postSolution
		SolutionGuid = {14936AC7-E1C9-4F70-9101-404F3D7DE239}
	EndGlobalSection
EndGlobal
