
Microsoft Visual Studio Solution File, Format Version 12.00
# Visual Studio Version 16
VisualStudioVersion = 16.0.29020.237
MinimumVisualStudioVersion = 10.0.40219.1
Project("{FAE04EC0-301F-11D3-BF4B-00C04F79EFBC}") = "ExercicioPropostoAula24-1", "ExercicioPropostoAula24-1\ExercicioPropostoAula24-1.csproj", "{A814934C-CB84-4562-B45F-401F8DD6500C}"
EndProject
Global
	GlobalSection(SolutionConfigurationPlatforms) = preSolution
		Debug|Any CPU = Debug|Any CPU
		Release|Any CPU = Release|Any CPU
	EndGlobalSection
	GlobalSection(ProjectConfigurationPlatforms) = postSolution
		{A814934C-CB84-4562-B45F-401F8DD6500C}.Debug|Any CPU.ActiveCfg = Debug|Any CPU
		{A814934C-CB84-4562-B45F-401F8DD6500C}.Debug|Any CPU.Build.0 = Debug|Any CPU
		{A814934C-CB84-4562-B45F-401F8DD6500C}.Release|Any CPU.ActiveCfg = Release|Any CPU
		{A814934C-CB84-4562-B45F-401F8DD6500C}.Release|Any CPU.Build.0 = Release|Any CPU
	EndGlobalSection
	GlobalSection(SolutionProperties) = preSolution
		HideSolutionNode = FALSE
	EndGlobalSection
	GlobalSection(ExtensibilityGlobals) = postSolution
		SolutionGuid = {601FC417-1469-4DE2-A9C8-F199C5218C59}
	EndGlobalSection
EndGlobal
