
Microsoft Visual Studio Solution File, Format Version 12.00
# Visual Studio Version 16
VisualStudioVersion = 16.0.29020.237
MinimumVisualStudioVersion = 10.0.40219.1
Project("{FAE04EC0-301F-11D3-BF4B-00C04F79EFBC}") = "ProdutoEmEstoque", "ProdutoEmEstoque\ProdutoEmEstoque.csproj", "{37252944-DA91-4092-B856-0F241F5AEED7}"
EndProject
Global
	GlobalSection(SolutionConfigurationPlatforms) = preSolution
		Debug|Any CPU = Debug|Any CPU
		Release|Any CPU = Release|Any CPU
	EndGlobalSection
	GlobalSection(ProjectConfigurationPlatforms) = postSolution
		{37252944-DA91-4092-B856-0F241F5AEED7}.Debug|Any CPU.ActiveCfg = Debug|Any CPU
		{37252944-DA91-4092-B856-0F241F5AEED7}.Debug|Any CPU.Build.0 = Debug|Any CPU
		{37252944-DA91-4092-B856-0F241F5AEED7}.Release|Any CPU.ActiveCfg = Release|Any CPU
		{37252944-DA91-4092-B856-0F241F5AEED7}.Release|Any CPU.Build.0 = Release|Any CPU
	EndGlobalSection
	GlobalSection(SolutionProperties) = preSolution
		HideSolutionNode = FALSE
	EndGlobalSection
	GlobalSection(ExtensibilityGlobals) = postSolution
		SolutionGuid = {A8E034A4-E1EC-42A5-A897-2ECEF84F18B3}
	EndGlobalSection
EndGlobal
