
Microsoft Visual Studio Solution File, Format Version 12.00
# Visual Studio Version 16
VisualStudioVersion = 16.0.29020.237
MinimumVisualStudioVersion = 10.0.40219.1
Project("{FAE04EC0-301F-11D3-BF4B-00C04F79EFBC}") = "ExercicioDeFixacaoAula23", "ExercicioDeFixacaoAula23\ExercicioDeFixacaoAula23.csproj", "{6D0E3843-FB71-44B6-B407-6E9F25679123}"
EndProject
Global
	GlobalSection(SolutionConfigurationPlatforms) = preSolution
		Debug|Any CPU = Debug|Any CPU
		Release|Any CPU = Release|Any CPU
	EndGlobalSection
	GlobalSection(ProjectConfigurationPlatforms) = postSolution
		{6D0E3843-FB71-44B6-B407-6E9F25679123}.Debug|Any CPU.ActiveCfg = Debug|Any CPU
		{6D0E3843-FB71-44B6-B407-6E9F25679123}.Debug|Any CPU.Build.0 = Debug|Any CPU
		{6D0E3843-FB71-44B6-B407-6E9F25679123}.Release|Any CPU.ActiveCfg = Release|Any CPU
		{6D0E3843-FB71-44B6-B407-6E9F25679123}.Release|Any CPU.Build.0 = Release|Any CPU
	EndGlobalSection
	GlobalSection(SolutionProperties) = preSolution
		HideSolutionNode = FALSE
	EndGlobalSection
	GlobalSection(ExtensibilityGlobals) = postSolution
		SolutionGuid = {3750FEF5-8877-4863-81F9-ADA830A7714A}
	EndGlobalSection
EndGlobal
